
Microsoft Visual Studio Solution File, Format Version 12.00
# Visual Studio Version 16
VisualStudioVersion = 16.0.30011.22
MinimumVisualStudioVersion = 10.0.40219.1
Project("{FAE04EC0-301F-11D3-BF4B-00C04F79EFBC}") = "JHelpers_Demo", "JHelpers_Demo.csproj", "{412A9487-8931-4562-839B-D2F79482B800}"
EndProject
Global
	GlobalSection(SolutionConfigurationPlatforms) = preSolution
		Debug|Any CPU = Debug|Any CPU
		Release|Any CPU = Release|Any CPU
	EndGlobalSection
	GlobalSection(ProjectConfigurationPlatforms) = postSolution
		{412A9487-8931-4562-839B-D2F79482B800}.Debug|Any CPU.ActiveCfg = Debug|Any CPU
		{412A9487-8931-4562-839B-D2F79482B800}.Debug|Any CPU.Build.0 = Debug|Any CPU
		{412A9487-8931-4562-839B-D2F79482B800}.Release|Any CPU.ActiveCfg = Release|Any CPU
		{412A9487-8931-4562-839B-D2F79482B800}.Release|Any CPU.Build.0 = Release|Any CPU
	EndGlobalSection
	GlobalSection(SolutionProperties) = preSolution
		HideSolutionNode = FALSE
	EndGlobalSection
	GlobalSection(ExtensibilityGlobals) = postSolution
		SolutionGuid = {83C5F6A6-822A-4D6D-8125-13BD3FA0EAE2}
	EndGlobalSection
EndGlobal
